
Microsoft Visual Studio Solution File, Format Version 12.00
# Visual Studio Version 17
VisualStudioVersion = 17.9.34728.123
MinimumVisualStudioVersion = 10.0.40219.1
Project("{FAE04EC0-301F-11D3-BF4B-00C04F79EFBC}") = "ServerHelper", "ServerHelper\ServerHelper.csproj", "{99777151-55AF-4407-8912-0956E218641E}"
EndProject
Global
	GlobalSection(SolutionConfigurationPlatforms) = preSolution
		Debug|Any CPU = Debug|Any CPU
		Release|Any CPU = Release|Any CPU
	EndGlobalSection
	GlobalSection(ProjectConfigurationPlatforms) = postSolution
		{99777151-55AF-4407-8912-0956E218641E}.Debug|Any CPU.ActiveCfg = Debug|Any CPU
		{99777151-55AF-4407-8912-0956E218641E}.Debug|Any CPU.Build.0 = Debug|Any CPU
		{99777151-55AF-4407-8912-0956E218641E}.Release|Any CPU.ActiveCfg = Release|Any CPU
		{99777151-55AF-4407-8912-0956E218641E}.Release|Any CPU.Build.0 = Release|Any CPU
	EndGlobalSection
	GlobalSection(SolutionProperties) = preSolution
		HideSolutionNode = FALSE
	EndGlobalSection
	GlobalSection(ExtensibilityGlobals) = postSolution
		SolutionGuid = {41D7F67E-782E-4D88-AC12-AD0C8775EE8A}
	EndGlobalSection
EndGlobal
